
Microsoft Visual Studio Solution File, Format Version 12.00
# Visual Studio Version 16
VisualStudioVersion = 16.0.31729.503
MinimumVisualStudioVersion = 10.0.40219.1
Project("{FAE04EC0-301F-11D3-BF4B-00C04F79EFBC}") = "Algorithm", "Algorithm.csproj", "{88EE0CEC-E598-4718-918F-7D7B0F8DFFDA}"
EndProject
Global
	GlobalSection(SolutionConfigurationPlatforms) = preSolution
		Debug|Any CPU = Debug|Any CPU
		Release|Any CPU = Release|Any CPU
	EndGlobalSection
	GlobalSection(ProjectConfigurationPlatforms) = postSolution
		{88EE0CEC-E598-4718-918F-7D7B0F8DFFDA}.Debug|Any CPU.ActiveCfg = Debug|Any CPU
		{88EE0CEC-E598-4718-918F-7D7B0F8DFFDA}.Debug|Any CPU.Build.0 = Debug|Any CPU
		{88EE0CEC-E598-4718-918F-7D7B0F8DFFDA}.Release|Any CPU.ActiveCfg = Release|Any CPU
		{88EE0CEC-E598-4718-918F-7D7B0F8DFFDA}.Release|Any CPU.Build.0 = Release|Any CPU
	EndGlobalSection
	GlobalSection(SolutionProperties) = preSolution
		HideSolutionNode = FALSE
	EndGlobalSection
	GlobalSection(ExtensibilityGlobals) = postSolution
		SolutionGuid = {99BC2812-5802-465D-83CF-77B58BF684FC}
	EndGlobalSection
EndGlobal
